
Microsoft Visual Studio Solution File, Format Version 12.00
# Visual Studio Version 16
VisualStudioVersion = 16.0.29806.167
MinimumVisualStudioVersion = 10.0.40219.1
Project("{FAE04EC0-301F-11D3-BF4B-00C04F79EFBC}") = "devopstest", "devopstest\devopstest.csproj", "{B0FEBDE2-1F0A-4418-9C83-9CDDE4193E70}"
EndProject
Global
	GlobalSection(SolutionConfigurationPlatforms) = preSolution
		Debug|Any CPU = Debug|Any CPU
		Release|Any CPU = Release|Any CPU
	EndGlobalSection
	GlobalSection(ProjectConfigurationPlatforms) = postSolution
		{B0FEBDE2-1F0A-4418-9C83-9CDDE4193E70}.Debug|Any CPU.ActiveCfg = Debug|Any CPU
		{B0FEBDE2-1F0A-4418-9C83-9CDDE4193E70}.Debug|Any CPU.Build.0 = Debug|Any CPU
		{B0FEBDE2-1F0A-4418-9C83-9CDDE4193E70}.Release|Any CPU.ActiveCfg = Release|Any CPU
		{B0FEBDE2-1F0A-4418-9C83-9CDDE4193E70}.Release|Any CPU.Build.0 = Release|Any CPU
	EndGlobalSection
	GlobalSection(SolutionProperties) = preSolution
		HideSolutionNode = FALSE
	EndGlobalSection
	GlobalSection(ExtensibilityGlobals) = postSolution
		SolutionGuid = {2BEDA1CF-238E-4667-BE34-00BB28D4A0D4}
	EndGlobalSection
EndGlobal
